<?xml version="1.0" encoding="utf-8"?>
<Project ToolsVersion="4.0" xmlns="http://schemas.microsoft.com/developer/msbuild/2003">
  <ItemGroup>
    <Filter Include="소스 파일">
      <UniqueIdentifier>{4FC737F1-C7A5-4376-A066-2A32D752A2FF}</UniqueIdentifier>
      <Extensions>cpp;c;cc;cxx;def;odl;idl;hpj;bat;asm;asmx</Extensions>
    </Filter>
    <Filter Include="헤더 파일">
      <UniqueIdentifier>{93995380-89BD-4b04-88EB-625FBE52EBFB}</UniqueIdentifier>
      <Extensions>h;hh;hpp;hxx;hm;inl;inc;ipp;xsd</Extensions>
    </Filter>
    <Filter Include="리소스 파일">
      <UniqueIdentifier>{67DA6AB6-F800-4c08-8B7A-83BB121AAD01}</UniqueIdentifier>
      <Extensions>rc;ico;cur;bmp;dlg;rc2;rct;bin;rgs;gif;jpg;jpeg;jpe;resx;tiff;tif;png;wav;mfcribbon-ms</Extensions>
    </Filter>
    <Filter Include="Direct2D">
      <UniqueIdentifier>{4bb897c5-c288-41b8-84a3-c08b26bb0279}</UniqueIdentifier>
    </Filter>
    <Filter Include="Utility">
      <UniqueIdentifier>{e2e1ffa1-4387-4bc9-9230-4201da7f8b80}</UniqueIdentifier>
    </Filter>
    <Filter Include="Manager">
      <UniqueIdentifier>{eefb358a-6507-4230-a2f8-25d77efc0ef6}</UniqueIdentifier>
    </Filter>
    <Filter Include="Manager\Image">
      <UniqueIdentifier>{4c411450-dc90-4428-adb3-222a803ac8cf}</UniqueIdentifier>
    </Filter>
    <Filter Include="Manager\Input">
      <UniqueIdentifier>{112dd479-26f0-4dab-9673-4644c59c2879}</UniqueIdentifier>
    </Filter>
    <Filter Include="Manager\Scene">
      <UniqueIdentifier>{15f0cf3b-36a9-409b-8155-81a89be85317}</UniqueIdentifier>
    </Filter>
    <Filter Include="Manager\Sound">
      <UniqueIdentifier>{132c4bd4-bbd5-4800-8f4a-56eaea67c315}</UniqueIdentifier>
    </Filter>
    <Filter Include="Object">
      <UniqueIdentifier>{727de105-3357-4e7a-86ca-4853349144d7}</UniqueIdentifier>
    </Filter>
    <Filter Include="Manager\Timer">
      <UniqueIdentifier>{2905c1f8-20a0-4cf4-b7d3-0fa206bfcac5}</UniqueIdentifier>
    </Filter>
    <Filter Include="Object\Map">
      <UniqueIdentifier>{062fdc76-9b0a-4b4b-9936-54d611096969}</UniqueIdentifier>
    </Filter>
    <Filter Include="Object\Map\Tile">
      <UniqueIdentifier>{dd3ca6f3-5eea-4ea6-b465-1db031531861}</UniqueIdentifier>
    </Filter>
    <Filter Include="Object\MainGame">
      <UniqueIdentifier>{39df88dd-aaf8-482f-89a3-f1c98dfbf9f4}</UniqueIdentifier>
    </Filter>
    <Filter Include="PCH">
      <UniqueIdentifier>{94c17c12-8e0a-4832-acd8-ceb21305ea5c}</UniqueIdentifier>
    </Filter>
    <Filter Include="MapTool">
      <UniqueIdentifier>{c24d1ac3-0446-4699-b1fe-c1efc7205232}</UniqueIdentifier>
    </Filter>
    <Filter Include="Manager\Collision">
      <UniqueIdentifier>{9bec61ac-3ebb-40b4-84f7-2f6f1eaa6aaa}</UniqueIdentifier>
    </Filter>
    <Filter Include="Object\Collision">
      <UniqueIdentifier>{23e14037-e6df-4f1b-869e-0073e82bb959}</UniqueIdentifier>
    </Filter>
    <Filter Include="PCH\etc">
      <UniqueIdentifier>{6ad3e93f-bf0d-4d6f-b161-8da42c75778c}</UniqueIdentifier>
    </Filter>
    <Filter Include="Object\Actor">
      <UniqueIdentifier>{36df7dc0-878e-4aaa-aedd-0b0b38f68024}</UniqueIdentifier>
    </Filter>
    <Filter Include="Object\Actor\Character">
      <UniqueIdentifier>{78700ca3-68bc-4c45-af56-3024a437974b}</UniqueIdentifier>
    </Filter>
    <Filter Include="Object\Actor\Character\Player">
      <UniqueIdentifier>{5594c3ab-8b12-445e-9c51-594754a00a8c}</UniqueIdentifier>
    </Filter>
    <Filter Include="Object\Actor\Weapone">
      <UniqueIdentifier>{2b98ef58-8b5c-440d-866a-c4e214c3aa9b}</UniqueIdentifier>
    </Filter>
    <Filter Include="Animation">
      <UniqueIdentifier>{7fdaf7c8-95d5-43d0-bc68-49d1e70f087f}</UniqueIdentifier>
    </Filter>
    <Filter Include="Camera">
      <UniqueIdentifier>{c0a35c7c-b021-4893-81db-10e2a8595984}</UniqueIdentifier>
    </Filter>
    <Filter Include="Object\Actor\Weapone\pikoHammer">
      <UniqueIdentifier>{c3770e8e-9f5d-45c9-a281-5e413c7c8f94}</UniqueIdentifier>
    </Filter>
    <Filter Include="Object\Actor\Character\Enemy">
      <UniqueIdentifier>{a9591ebe-21ce-45f8-a4fc-df5cc9c05d56}</UniqueIdentifier>
    </Filter>
  </ItemGroup>
  <ItemGroup>
    <ClCompile Include="main.cpp">
      <Filter>소스 파일</Filter>
    </ClCompile>
    <ClCompile Include="D2DGraphic.cpp">
      <Filter>Direct2D</Filter>
    </ClCompile>
    <ClCompile Include="Color.cpp">
      <Filter>Utility</Filter>
    </ClCompile>
    <ClCompile Include="ImageManager.cpp">
      <Filter>Manager\Image</Filter>
    </ClCompile>
    <ClCompile Include="KeyManager.cpp">
      <Filter>Manager\Input</Filter>
    </ClCompile>
    <ClCompile Include="SceneManager.cpp">
      <Filter>Manager\Scene</Filter>
    </ClCompile>
    <ClCompile Include="SoundManager.cpp">
      <Filter>Manager\Sound</Filter>
    </ClCompile>
    <ClCompile Include="Volume.cpp">
      <Filter>Manager\Sound</Filter>
    </ClCompile>
    <ClCompile Include="Object.cpp">
      <Filter>Object</Filter>
    </ClCompile>
    <ClCompile Include="TileMapToolScene.cpp">
      <Filter>MapTool</Filter>
    </ClCompile>
    <ClCompile Include="TimerManager.cpp">
      <Filter>Manager\Timer</Filter>
    </ClCompile>
    <ClCompile Include="Timer.cpp">
      <Filter>Manager\Timer</Filter>
    </ClCompile>
    <ClCompile Include="TestRoom.cpp">
      <Filter>Object\Map</Filter>
    </ClCompile>
    <ClCompile Include="TileMap.cpp">
      <Filter>Object\Map\Tile</Filter>
    </ClCompile>
    <ClCompile Include="MainGame.cpp">
      <Filter>Object\MainGame</Filter>
    </ClCompile>
    <ClCompile Include="Character.cpp">
      <Filter>Object\Actor\Character</Filter>
    </ClCompile>
    <ClCompile Include="Erina.cpp">
      <Filter>Object\Actor\Character\Player</Filter>
    </ClCompile>
    <ClCompile Include="ObjectBase.cpp">
      <Filter>Object</Filter>
    </ClCompile>
    <ClCompile Include="CollisionManager.cpp">
      <Filter>Manager\Collision</Filter>
    </ClCompile>
    <ClCompile Include="GeometryCollision.cpp">
      <Filter>Object\Collision</Filter>
    </ClCompile>
    <ClCompile Include="Actor.cpp">
      <Filter>Object\Actor</Filter>
    </ClCompile>
    <ClCompile Include="PlayerInput.cpp">
      <Filter>소스 파일</Filter>
    </ClCompile>
    <ClCompile Include="ErinaAnimInstance.cpp">
      <Filter>Object\Actor\Character\Player</Filter>
    </ClCompile>
    <ClCompile Include="Animinstance.cpp">
      <Filter>Animation</Filter>
    </ClCompile>
    <ClCompile Include="Animation.cpp">
      <Filter>Animation</Filter>
    </ClCompile>
    <ClCompile Include="Camera.cpp">
      <Filter>Camera</Filter>
    </ClCompile>
    <ClCompile Include="Weapon.cpp">
      <Filter>Object\Actor\Weapone</Filter>
    </ClCompile>
    <ClCompile Include="Hammer.cpp">
      <Filter>Object\Actor\Weapone\pikoHammer</Filter>
    </ClCompile>
    <ClCompile Include="HammerAnimInstance.cpp">
      <Filter>Object\Actor\Weapone\pikoHammer</Filter>
    </ClCompile>
    <ClCompile Include="Eenemy.cpp">
      <Filter>Object\Actor\Character\Enemy</Filter>
    </ClCompile>
    <ClCompile Include="Rabbit.cpp">
      <Filter>Object\Actor\Character\Enemy</Filter>
    </ClCompile>
    <ClCompile Include="RabbitAnimInstance.cpp">
      <Filter>소스 파일</Filter>
    </ClCompile>
  </ItemGroup>
  <ItemGroup>
    <ClInclude Include="D2DGraphic.h">
      <Filter>Direct2D</Filter>
    </ClInclude>
    <ClInclude Include="Color.h">
      <Filter>Utility</Filter>
    </ClInclude>
    <ClInclude Include="Delegate.h">
      <Filter>Utility</Filter>
    </ClInclude>
    <ClInclude Include="Singleton.h">
      <Filter>Utility</Filter>
    </ClInclude>
    <ClInclude Include="ImageManager.h">
      <Filter>Manager\Image</Filter>
    </ClInclude>
    <ClInclude Include="KeyManager.h">
      <Filter>Manager\Input</Filter>
    </ClInclude>
    <ClInclude Include="SceneManager.h">
      <Filter>Manager\Scene</Filter>
    </ClInclude>
    <ClInclude Include="SoundManager.h">
      <Filter>Manager\Sound</Filter>
    </ClInclude>
    <ClInclude Include="Volume.h">
      <Filter>Manager\Sound</Filter>
    </ClInclude>
    <ClInclude Include="Object.h">
      <Filter>Object</Filter>
    </ClInclude>
    <ClInclude Include="TileMapToolScene.h">
      <Filter>MapTool</Filter>
    </ClInclude>
    <ClInclude Include="TimerManager.h">
      <Filter>Manager\Timer</Filter>
    </ClInclude>
    <ClInclude Include="Timer.h">
      <Filter>Manager\Timer</Filter>
    </ClInclude>
    <ClInclude Include="TestRoom.h">
      <Filter>Object\Map</Filter>
    </ClInclude>
    <ClInclude Include="TileMap.h">
      <Filter>Object\Map\Tile</Filter>
    </ClInclude>
    <ClInclude Include="MainGame.h">
      <Filter>Object\MainGame</Filter>
    </ClInclude>
    <ClInclude Include="pch.h">
      <Filter>PCH</Filter>
    </ClInclude>
    <ClInclude Include="Character.h">
      <Filter>Object\Actor\Character</Filter>
    </ClInclude>
    <ClInclude Include="Erina.h">
      <Filter>Object\Actor\Character\Player</Filter>
    </ClInclude>
    <ClInclude Include="ObjectBase.h">
      <Filter>Object</Filter>
    </ClInclude>
    <ClInclude Include="CollisionManager.h">
      <Filter>Manager\Collision</Filter>
    </ClInclude>
    <ClInclude Include="GeometryCollision.h">
      <Filter>Object\Collision</Filter>
    </ClInclude>
    <ClInclude Include="Cast.h">
      <Filter>PCH\etc</Filter>
    </ClInclude>
    <ClInclude Include="GeometryInfo.h">
      <Filter>PCH\etc</Filter>
    </ClInclude>
    <ClInclude Include="SafeRelease.h">
      <Filter>PCH\etc</Filter>
    </ClInclude>
    <ClInclude Include="Types.h">
      <Filter>PCH\etc</Filter>
    </ClInclude>
    <ClInclude Include="VKKey.h">
      <Filter>PCH\etc</Filter>
    </ClInclude>
    <ClInclude Include="Actor.h">
      <Filter>Object\Actor</Filter>
    </ClInclude>
    <ClInclude Include="PlayerInput.h">
      <Filter>헤더 파일</Filter>
    </ClInclude>
    <ClInclude Include="ErinaAnimInstance.h">
      <Filter>Object\Actor\Character\Player</Filter>
    </ClInclude>
    <ClInclude Include="Animinstance.h">
      <Filter>Animation</Filter>
    </ClInclude>
    <ClInclude Include="Animation.h">
      <Filter>Animation</Filter>
    </ClInclude>
    <ClInclude Include="Camera.h">
      <Filter>Camera</Filter>
    </ClInclude>
    <ClInclude Include="Weapon.h">
      <Filter>Object\Actor\Weapone</Filter>
    </ClInclude>
    <ClInclude Include="HammerAnimInstance.h">
      <Filter>Object\Actor\Weapone\pikoHammer</Filter>
    </ClInclude>
    <ClInclude Include="Hammer.h">
      <Filter>Object\Actor\Weapone\pikoHammer</Filter>
    </ClInclude>
    <ClInclude Include="Eenemy.h">
      <Filter>Object\Actor\Character\Enemy</Filter>
    </ClInclude>
    <ClInclude Include="Rabbit.h">
      <Filter>Object\Actor\Character\Enemy</Filter>
    </ClInclude>
    <ClInclude Include="RabbitAnimInstance.h">
      <Filter>헤더 파일</Filter>
    </ClInclude>
  </ItemGroup>
</Project>